
Microsoft Visual Studio Solution File, Format Version 12.00
# Visual Studio 15
VisualStudioVersion = 15.0.26124.0
MinimumVisualStudioVersion = 15.0.26124.0
Project("{2150E333-8FDC-42A3-9474-1A3956D46DE8}") = "src", "src", "{E936160C-D739-4C20-99AF-850044B56A87}"
EndProject
Project("{FAE04EC0-301F-11D3-BF4B-00C04F79EFBC}") = "NuSpec.Server", "src\NuSpec.Server\NuSpec.Server.csproj", "{09392344-1AA6-402B-9EA4-0E6439629B60}"
EndProject
Global
	GlobalSection(SolutionConfigurationPlatforms) = preSolution
		Debug|Any CPU = Debug|Any CPU
		Debug|x64 = Debug|x64
		Debug|x86 = Debug|x86
		Release|Any CPU = Release|Any CPU
		Release|x64 = Release|x64
		Release|x86 = Release|x86
	EndGlobalSection
	GlobalSection(SolutionProperties) = preSolution
		HideSolutionNode = FALSE
	EndGlobalSection
	GlobalSection(ProjectConfigurationPlatforms) = postSolution
		{09392344-1AA6-402B-9EA4-0E6439629B60}.Debug|Any CPU.ActiveCfg = Debug|Any CPU
		{09392344-1AA6-402B-9EA4-0E6439629B60}.Debug|Any CPU.Build.0 = Debug|Any CPU
		{09392344-1AA6-402B-9EA4-0E6439629B60}.Debug|x64.ActiveCfg = Debug|Any CPU
		{09392344-1AA6-402B-9EA4-0E6439629B60}.Debug|x64.Build.0 = Debug|Any CPU
		{09392344-1AA6-402B-9EA4-0E6439629B60}.Debug|x86.ActiveCfg = Debug|Any CPU
		{09392344-1AA6-402B-9EA4-0E6439629B60}.Debug|x86.Build.0 = Debug|Any CPU
		{09392344-1AA6-402B-9EA4-0E6439629B60}.Release|Any CPU.ActiveCfg = Release|Any CPU
		{09392344-1AA6-402B-9EA4-0E6439629B60}.Release|Any CPU.Build.0 = Release|Any CPU
		{09392344-1AA6-402B-9EA4-0E6439629B60}.Release|x64.ActiveCfg = Release|Any CPU
		{09392344-1AA6-402B-9EA4-0E6439629B60}.Release|x64.Build.0 = Release|Any CPU
		{09392344-1AA6-402B-9EA4-0E6439629B60}.Release|x86.ActiveCfg = Release|Any CPU
		{09392344-1AA6-402B-9EA4-0E6439629B60}.Release|x86.Build.0 = Release|Any CPU
	EndGlobalSection
	GlobalSection(NestedProjects) = preSolution
		{09392344-1AA6-402B-9EA4-0E6439629B60} = {E936160C-D739-4C20-99AF-850044B56A87}
	EndGlobalSection
EndGlobal
